
Microsoft Visual Studio Solution File, Format Version 12.00
# Visual Studio Version 17
VisualStudioVersion = 17.11.35312.102
MinimumVisualStudioVersion = 10.0.40219.1
Project("{FAE04EC0-301F-11D3-BF4B-00C04F79EFBC}") = "Ecommerce", "Ecommerce\Ecommerce.csproj", "{6A1AE066-F801-4426-9918-1C419EADCE29}"
EndProject
Global
	GlobalSection(SolutionConfigurationPlatforms) = preSolution
		Debug|Any CPU = Debug|Any CPU
		Release|Any CPU = Release|Any CPU
	EndGlobalSection
	GlobalSection(ProjectConfigurationPlatforms) = postSolution
		{6A1AE066-F801-4426-9918-1C419EADCE29}.Debug|Any CPU.ActiveCfg = Debug|Any CPU
		{6A1AE066-F801-4426-9918-1C419EADCE29}.Debug|Any CPU.Build.0 = Debug|Any CPU
		{6A1AE066-F801-4426-9918-1C419EADCE29}.Release|Any CPU.ActiveCfg = Release|Any CPU
		{6A1AE066-F801-4426-9918-1C419EADCE29}.Release|Any CPU.Build.0 = Release|Any CPU
	EndGlobalSection
	GlobalSection(SolutionProperties) = preSolution
		HideSolutionNode = FALSE
	EndGlobalSection
	GlobalSection(ExtensibilityGlobals) = postSolution
		SolutionGuid = {81BA5288-9C02-4445-9CB9-2ADEA3E100FF}
	EndGlobalSection
EndGlobal
